<?xml version="1.0" encoding="utf-8"?>
<Project ToolsVersion="4.0" xmlns="http://schemas.microsoft.com/developer/msbuild/2003">
  <ItemGroup>
    <Filter Include="Source Files">
      <UniqueIdentifier>{4FC737F1-C7A5-4376-A066-2A32D752A2FF}</UniqueIdentifier>
      <Extensions>cpp;c;cc;cxx;c++;cppm;ixx;def;odl;idl;hpj;bat;asm;asmx</Extensions>
    </Filter>
    <Filter Include="Resource Files">
      <UniqueIdentifier>{67DA6AB6-F800-4c08-8B7A-83BB121AAD01}</UniqueIdentifier>
      <Extensions>rc;ico;cur;bmp;dlg;rc2;rct;bin;rgs;gif;jpg;jpeg;jpe;resx;tiff;tif;png;wav;mfcribbon-ms</Extensions>
    </Filter>
    <Filter Include="Source Files\physics">
      <UniqueIdentifier>{de829120-9d59-4b7b-a418-593fa3e7197e}</UniqueIdentifier>
    </Filter>
    <Filter Include="Source Files\gameplay">
      <UniqueIdentifier>{12b1c259-21be-4b96-be6e-bdbf648a424d}</UniqueIdentifier>
    </Filter>
    <Filter Include="Source Files\scene">
      <UniqueIdentifier>{c8028944-bca2-4411-90e8-6db6cb809eee}</UniqueIdentifier>
    </Filter>
  </ItemGroup>
  <ItemGroup>
    <ClCompile Include="main.cpp">
      <Filter>Source Files</Filter>
    </ClCompile>
    <ClCompile Include="Application.cpp">
      <Filter>Source Files</Filter>
    </ClCompile>
    <ClCompile Include="Renderer.cpp">
      <Filter>Source Files</Filter>
    </ClCompile>
    <ClCompile Include="Physics.cpp">
      <Filter>Source Files\physics</Filter>
    </ClCompile>
    <ClCompile Include="Player.cpp">
      <Filter>Source Files\gameplay</Filter>
    </ClCompile>
    <ClCompile Include="Portal.cpp">
      <Filter>Source Files\gameplay</Filter>
    </ClCompile>
    <ClCompile Include="ScenePrimitives.cpp">
      <Filter>Source Files\scene</Filter>
    </ClCompile>
    <ClCompile Include="Camera.cpp">
      <Filter>Source Files\scene</Filter>
    </ClCompile>
    <ClCompile Include="LevelController.cpp">
      <Filter>Source Files\scene</Filter>
    </ClCompile>
  </ItemGroup>
  <ItemGroup>
    <ClInclude Include="Application.h">
      <Filter>Source Files</Filter>
    </ClInclude>
    <ClInclude Include="Renderer.h">
      <Filter>Source Files</Filter>
    </ClInclude>
    <ClInclude Include="Physics.h">
      <Filter>Source Files\physics</Filter>
    </ClInclude>
    <ClInclude Include="DebugRenderer.h">
      <Filter>Source Files\physics</Filter>
    </ClInclude>
    <ClInclude Include="Player.h">
      <Filter>Source Files\gameplay</Filter>
    </ClInclude>
    <ClInclude Include="Portal.h">
      <Filter>Source Files\gameplay</Filter>
    </ClInclude>
    <ClInclude Include="ScenePrimitives.h">
      <Filter>Source Files\scene</Filter>
    </ClInclude>
    <ClInclude Include="Camera.h">
      <Filter>Source Files\scene</Filter>
    </ClInclude>
    <ClInclude Include="LevelController.h">
      <Filter>Source Files\scene</Filter>
    </ClInclude>
    <ClInclude Include="BuiltInShaders.h">
      <Filter>Source Files</Filter>
    </ClInclude>
    <ClInclude Include="LevelConstants.h">
      <Filter>Source Files\scene</Filter>
    </ClInclude>
  </ItemGroup>
</Project>